<?xml version="1.0" encoding="UTF-8"?>
<Scheme
   LastUpgradeVersion = "1500"
   version = "1.7">
   <BuildAction
      parallelizeBuildables = "YES"
      buildImplicitDependencies = "YES">
      <PostActions>
         <ExecutionAction
            ActionType = "Xcode.IDEStandardExecutionActionsCore.ExecutionActionType.ShellScriptAction">
            <ActionContent
               title = "Assemble .app Bundle"
               scriptText = "#!/bin/bash&#10;set -e&#10;&#10;# This script creates a proper .app bundle for the macOS application&#10;# after Swift Package Manager builds the executable.&#10;&#10;echo &quot;🔨 Assembling .app bundle...&quot;&#10;&#10;# Determine build configuration (debug or release)&#10;if [ &quot;${CONFIGURATION}&quot; = &quot;Release&quot; ]; then&#10;    BUILD_CONFIG=&quot;release&quot;&#10;else&#10;    BUILD_CONFIG=&quot;debug&quot;&#10;fi&#10;&#10;# Get the SPM build directory&#10;SPM_BUILD_DIR=&quot;${SRCROOT}/.build/${BUILD_CONFIG}&quot;&#10;EXECUTABLE_NAME=&quot;BG3MacModManager&quot;&#10;EXECUTABLE_PATH=&quot;${SPM_BUILD_DIR}/${EXECUTABLE_NAME}&quot;&#10;&#10;# Check if executable exists&#10;if [ ! -f &quot;${EXECUTABLE_PATH}&quot; ]; then&#10;    echo &quot;❌ Error: Executable not found at ${EXECUTABLE_PATH}&quot;&#10;    exit 1&#10;fi&#10;&#10;echo &quot;📦 Found executable at: ${EXECUTABLE_PATH}&quot;&#10;&#10;# Create .app bundle structure&#10;APP_NAME=&quot;BG3 Mac Mod Manager&quot;&#10;APP_BUNDLE=&quot;${SPM_BUILD_DIR}/${APP_NAME}.app&quot;&#10;&#10;echo &quot;🗑️  Cleaning previous bundle...&quot;&#10;rm -rf &quot;${APP_BUNDLE}&quot;&#10;&#10;echo &quot;📁 Creating bundle structure...&quot;&#10;mkdir -p &quot;${APP_BUNDLE}/Contents/MacOS&quot;&#10;mkdir -p &quot;${APP_BUNDLE}/Contents/Resources&quot;&#10;&#10;# Copy executable&#10;echo &quot;📋 Copying executable...&quot;&#10;cp &quot;${EXECUTABLE_PATH}&quot; &quot;${APP_BUNDLE}/Contents/MacOS/${EXECUTABLE_NAME}&quot;&#10;chmod +x &quot;${APP_BUNDLE}/Contents/MacOS/${EXECUTABLE_NAME}&quot;&#10;&#10;# Copy Info.plist from source (not from resources)&#10;echo &quot;📋 Copying Info.plist...&quot;&#10;INFO_PLIST_SOURCE=&quot;${SRCROOT}/Sources/BG3MacModManager/Info.plist&quot;&#10;if [ ! -f &quot;${INFO_PLIST_SOURCE}&quot; ]; then&#10;    echo &quot;❌ Error: Info.plist not found at ${INFO_PLIST_SOURCE}&quot;&#10;    exit 1&#10;fi&#10;cp &quot;${INFO_PLIST_SOURCE}&quot; &quot;${APP_BUNDLE}/Contents/Info.plist&quot;&#10;&#10;# Create PkgInfo&#10;echo &quot;📋 Creating PkgInfo...&quot;&#10;echo -n &quot;APPL????&quot; &gt; &quot;${APP_BUNDLE}/Contents/PkgInfo&quot;&#10;&#10;# Copy app icon if it exists&#10;if [ -f &quot;${SRCROOT}/AppIcon.icns&quot; ]; then&#10;    echo &quot;🎨 Copying app icon...&quot;&#10;    cp &quot;${SRCROOT}/AppIcon.icns&quot; &quot;${APP_BUNDLE}/Contents/Resources/AppIcon.icns&quot;&#10;elif [ -f &quot;${SRCROOT}/Resources/AppIcon.icns&quot; ]; then&#10;    echo &quot;🎨 Copying app icon...&quot;&#10;    cp &quot;${SRCROOT}/Resources/AppIcon.icns&quot; &quot;${APP_BUNDLE}/Contents/Resources/AppIcon.icns&quot;&#10;else&#10;    echo &quot;ℹ️  Note: No AppIcon.icns found (app will use generic icon)&quot;&#10;fi&#10;&#10;# Ad-hoc code sign for local development&#10;echo &quot;✍️  Ad-hoc signing...&quot;&#10;codesign --force --sign - &quot;${APP_BUNDLE}&quot; 2&gt;&amp;1 || {&#10;    echo &quot;⚠️  Warning: Code signing failed (may not be critical for development)&quot;&#10;}&#10;&#10;# Copy to Xcode&apos;s expected build products directory for launching&#10;if [ -n &quot;${BUILT_PRODUCTS_DIR}&quot; ] &amp;&amp; [ &quot;${BUILT_PRODUCTS_DIR}&quot; != &quot;${SPM_BUILD_DIR}&quot; ]; then&#10;    XCODE_APP_BUNDLE=&quot;${BUILT_PRODUCTS_DIR}/${APP_NAME}.app&quot;&#10;    echo &quot;📦 Copying to Xcode products directory...&quot;&#10;    echo &quot;   From: ${APP_BUNDLE}&quot;&#10;    echo &quot;   To:   ${XCODE_APP_BUNDLE}&quot;&#10;    rm -rf &quot;${XCODE_APP_BUNDLE}&quot;&#10;    cp -R &quot;${APP_BUNDLE}&quot; &quot;${XCODE_APP_BUNDLE}&quot;&#10;    echo &quot;✅ App copied for Xcode launch&quot;&#10;fi&#10;&#10;echo &quot;&quot;&#10;echo &quot;✅ App bundle created successfully at:&quot;&#10;echo &quot;   ${APP_BUNDLE}&quot;&#10;if [ -n &quot;${BUILT_PRODUCTS_DIR}&quot; ] &amp;&amp; [ &quot;${BUILT_PRODUCTS_DIR}&quot; != &quot;${SPM_BUILD_DIR}&quot; ]; then&#10;    echo &quot;   ${XCODE_APP_BUNDLE} (for Xcode)&quot;&#10;fi&#10;echo &quot;&quot;&#10;ls -lh &quot;${APP_BUNDLE}/Contents/MacOS/${EXECUTABLE_NAME}&quot;&#10;">
               <EnvironmentBuildable>
                  <BuildableReference
                     BuildableIdentifier = "primary"
                     BlueprintIdentifier = "BG3MacModManager"
                     BuildableName = "BG3MacModManager"
                     BlueprintName = "BG3MacModManager"
                     ReferencedContainer = "container:">
                  </BuildableReference>
               </EnvironmentBuildable>
            </ActionContent>
         </ExecutionAction>
      </PostActions>
      <BuildActionEntries>
         <BuildActionEntry
            buildForTesting = "YES"
            buildForRunning = "YES"
            buildForProfiling = "YES"
            buildForArchiving = "YES"
            buildForAnalyzing = "YES">
            <BuildableReference
               BuildableIdentifier = "primary"
               BlueprintIdentifier = "BG3MacModManager"
               BuildableName = "BG3MacModManager"
               BlueprintName = "BG3MacModManager"
               ReferencedContainer = "container:">
            </BuildableReference>
         </BuildActionEntry>
      </BuildActionEntries>
   </BuildAction>
   <TestAction
      buildConfiguration = "Debug"
      selectedDebuggerIdentifier = "Xcode.DebuggerFoundation.Debugger.LLDB"
      selectedLauncherIdentifier = "Xcode.DebuggerFoundation.Launcher.LLDB"
      shouldUseLaunchSchemeArgsEnv = "YES"
      shouldAutocreateTestPlan = "YES">
   </TestAction>
   <LaunchAction
      buildConfiguration = "Debug"
      selectedDebuggerIdentifier = "Xcode.DebuggerFoundation.Debugger.LLDB"
      selectedLauncherIdentifier = "Xcode.DebuggerFoundation.Launcher.LLDB"
      launchStyle = "0"
      useCustomWorkingDirectory = "NO"
      ignoresPersistentStateOnLaunch = "NO"
      debugDocumentVersioning = "YES"
      debugServiceExtension = "internal"
      allowLocationSimulation = "YES">
      <PathRunnable
         runnableDebuggingMode = "0"
         FilePath = "$(BUILT_PRODUCTS_DIR)/BG3 Mac Mod Manager.app">
      </PathRunnable>
      <MacroExpansion>
         <BuildableReference
            BuildableIdentifier = "primary"
            BlueprintIdentifier = "BG3MacModManager"
            BuildableName = "BG3MacModManager"
            BlueprintName = "BG3MacModManager"
            ReferencedContainer = "container:">
         </BuildableReference>
      </MacroExpansion>
   </LaunchAction>
   <ProfileAction
      buildConfiguration = "Release"
      shouldUseLaunchSchemeArgsEnv = "YES"
      savedToolIdentifier = ""
      useCustomWorkingDirectory = "NO"
      debugDocumentVersioning = "YES">
      <PathRunnable
         runnableDebuggingMode = "0"
         FilePath = "$(BUILT_PRODUCTS_DIR)/BG3 Mac Mod Manager.app">
      </PathRunnable>
      <MacroExpansion>
         <BuildableReference
            BuildableIdentifier = "primary"
            BlueprintIdentifier = "BG3MacModManager"
            BuildableName = "BG3MacModManager"
            BlueprintName = "BG3MacModManager"
            ReferencedContainer = "container:">
         </BuildableReference>
      </MacroExpansion>
   </ProfileAction>
   <AnalyzeAction
      buildConfiguration = "Debug">
   </AnalyzeAction>
   <ArchiveAction
      buildConfiguration = "Release"
      revealArchiveInOrganizer = "YES">
   </ArchiveAction>
</Scheme>
